
Microsoft Visual Studio Solution File, Format Version 12.00
# Visual Studio Version 17
VisualStudioVersion = 17.7.34221.43
MinimumVisualStudioVersion = 10.0.40219.1
Project("{9A19103F-16F7-4668-BE54-9A1E7A4F7556}") = "Food At Home", "Food At Home.csproj", "{047C722D-1A91-48C8-B509-55C2B9D46723}"
EndProject
Project("{FAE04EC0-301F-11D3-BF4B-00C04F79EFBC}") = "Tests", "..\Tests\Tests.csproj", "{B419588B-99AA-4288-AD5B-3D30EE94620F}"
EndProject
Global
	GlobalSection(SolutionConfigurationPlatforms) = preSolution
		Debug|Any CPU = Debug|Any CPU
		Release|Any CPU = Release|Any CPU
	EndGlobalSection
	GlobalSection(ProjectConfigurationPlatforms) = postSolution
		{047C722D-1A91-48C8-B509-55C2B9D46723}.Debug|Any CPU.ActiveCfg = Debug|Any CPU
		{047C722D-1A91-48C8-B509-55C2B9D46723}.Debug|Any CPU.Build.0 = Debug|Any CPU
		{047C722D-1A91-48C8-B509-55C2B9D46723}.Release|Any CPU.ActiveCfg = Release|Any CPU
		{047C722D-1A91-48C8-B509-55C2B9D46723}.Release|Any CPU.Build.0 = Release|Any CPU
		{B419588B-99AA-4288-AD5B-3D30EE94620F}.Debug|Any CPU.ActiveCfg = Debug|Any CPU
		{B419588B-99AA-4288-AD5B-3D30EE94620F}.Debug|Any CPU.Build.0 = Debug|Any CPU
		{B419588B-99AA-4288-AD5B-3D30EE94620F}.Release|Any CPU.ActiveCfg = Release|Any CPU
		{B419588B-99AA-4288-AD5B-3D30EE94620F}.Release|Any CPU.Build.0 = Release|Any CPU
	EndGlobalSection
	GlobalSection(SolutionProperties) = preSolution
		HideSolutionNode = FALSE
	EndGlobalSection
	GlobalSection(ExtensibilityGlobals) = postSolution
		SolutionGuid = {DF454176-FC3F-4274-9AC9-246ED99961BB}
	EndGlobalSection
EndGlobal
